// !$*UTF8*$!
{
	archiveVersion = 1;
	classes = {
	};
	objectVersion = 77;
	objects = {

/* Begin PBXBuildFile section */
		B804B5DC2DA08E4B000B4088 /* AppDelegate.swift in Sources */ = {isa = PBXBuildFile; fileRef = B804B5DB2DA08E4B000B4088 /* AppDelegate.swift */; };
		B804B5DE2DA08E4B000B4088 /* SceneDelegate.swift in Sources */ = {isa = PBXBuildFile; fileRef = B804B5DD2DA08E4B000B4088 /* SceneDelegate.swift */; };
		B804B5E12DA08E4B000B4088 /* LaunchScreen.storyboard in Resources */ = {isa = PBXBuildFile; fileRef = B804B5DF2DA08E4B000B4088 /* LaunchScreen.storyboard */; };
		B804B5E42DA08E4B000B4088 /* Main.storyboard in Resources */ = {isa = PBXBuildFile; fileRef = B804B5E22DA08E4B000B4088 /* Main.storyboard */; };
		B804B5ED2DA08E4B000B4088 /* AppDelegate.swift in Sources */ = {isa = PBXBuildFile; fileRef = B804B5EC2DA08E4B000B4088 /* AppDelegate.swift */; };
		B804B5F02DA08E4B000B4088 /* Main.storyboard in Resources */ = {isa = PBXBuildFile; fileRef = B804B5EE2DA08E4B000B4088 /* Main.storyboard */; };
		B804B5F82DA08E4B000B4088 /* Bandcamp Tuned Extension.appex in Embed Foundation Extensions */ = {isa = PBXBuildFile; fileRef = B804B5F72DA08E4B000B4088 /* Bandcamp Tuned Extension.appex */; settings = {ATTRIBUTES = (RemoveHeadersOnCopy, ); }; };
		B804B6022DA08E4B000B4088 /* Bandcamp Tuned Extension.appex in Embed Foundation Extensions */ = {isa = PBXBuildFile; fileRef = B804B6012DA08E4B000B4088 /* Bandcamp Tuned Extension.appex */; settings = {ATTRIBUTES = (RemoveHeadersOnCopy, ); }; };
		B804B6082DA08E4B000B4088 /* Main.html in Resources */ = {isa = PBXBuildFile; fileRef = B804B5CB2DA08E4A000B4088 /* Main.html */; };
		B804B6092DA08E4B000B4088 /* Main.html in Resources */ = {isa = PBXBuildFile; fileRef = B804B5CB2DA08E4A000B4088 /* Main.html */; };
		B804B60A2DA08E4B000B4088 /* Icon.png in Resources */ = {isa = PBXBuildFile; fileRef = B804B5CD2DA08E4A000B4088 /* Icon.png */; };
		B804B60B2DA08E4B000B4088 /* Icon.png in Resources */ = {isa = PBXBuildFile; fileRef = B804B5CD2DA08E4A000B4088 /* Icon.png */; };
		B804B60C2DA08E4B000B4088 /* Style.css in Resources */ = {isa = PBXBuildFile; fileRef = B804B5CE2DA08E4A000B4088 /* Style.css */; };
		B804B60D2DA08E4B000B4088 /* Style.css in Resources */ = {isa = PBXBuildFile; fileRef = B804B5CE2DA08E4A000B4088 /* Style.css */; };
		B804B60E2DA08E4B000B4088 /* Script.js in Resources */ = {isa = PBXBuildFile; fileRef = B804B5CF2DA08E4A000B4088 /* Script.js */; };
		B804B60F2DA08E4B000B4088 /* Script.js in Resources */ = {isa = PBXBuildFile; fileRef = B804B5CF2DA08E4A000B4088 /* Script.js */; };
		B804B6102DA08E4B000B4088 /* ViewController.swift in Sources */ = {isa = PBXBuildFile; fileRef = B804B5D02DA08E4A000B4088 /* ViewController.swift */; };
		B804B6112DA08E4B000B4088 /* ViewController.swift in Sources */ = {isa = PBXBuildFile; fileRef = B804B5D02DA08E4A000B4088 /* ViewController.swift */; };
		B804B6122DA08E4B000B4088 /* Assets.xcassets in Resources */ = {isa = PBXBuildFile; fileRef = B804B5D12DA08E4B000B4088 /* Assets.xcassets */; };
		B804B6132DA08E4B000B4088 /* Assets.xcassets in Resources */ = {isa = PBXBuildFile; fileRef = B804B5D12DA08E4B000B4088 /* Assets.xcassets */; };
		B804B6142DA08E4B000B4088 /* SafariWebExtensionHandler.swift in Sources */ = {isa = PBXBuildFile; fileRef = B804B5D32DA08E4B000B4088 /* SafariWebExtensionHandler.swift */; };
		B804B6152DA08E4B000B4088 /* SafariWebExtensionHandler.swift in Sources */ = {isa = PBXBuildFile; fileRef = B804B5D32DA08E4B000B4088 /* SafariWebExtensionHandler.swift */; };
		B804B62F2DA08E4B000B4088 /* LICENSE in Resources */ = {isa = PBXBuildFile; fileRef = B804B6272DA08E4B000B4088 /* LICENSE */; };
		B804B6312DA08E4B000B4088 /* README.md in Resources */ = {isa = PBXBuildFile; fileRef = B804B6292DA08E4B000B4088 /* README.md */; };
		B804B6322DA08E4B000B4088 /* icons in Resources */ = {isa = PBXBuildFile; fileRef = B804B62A2DA08E4B000B4088 /* icons */; };
		B804B6332DA08E4B000B4088 /* manifest.json in Resources */ = {isa = PBXBuildFile; fileRef = B804B62B2DA08E4B000B4088 /* manifest.json */; };
		B804B6352DA08E4B000B4088 /* vendor in Resources */ = {isa = PBXBuildFile; fileRef = B804B62D2DA08E4B000B4088 /* vendor */; };
		B804B6362DA08E4B000B4088 /* src in Resources */ = {isa = PBXBuildFile; fileRef = B804B62E2DA08E4B000B4088 /* src */; };
		B804B6372DA08E4B000B4088 /* LICENSE in Resources */ = {isa = PBXBuildFile; fileRef = B804B6272DA08E4B000B4088 /* LICENSE */; };
		B804B6392DA08E4B000B4088 /* README.md in Resources */ = {isa = PBXBuildFile; fileRef = B804B6292DA08E4B000B4088 /* README.md */; };
		B804B63A2DA08E4B000B4088 /* icons in Resources */ = {isa = PBXBuildFile; fileRef = B804B62A2DA08E4B000B4088 /* icons */; };
		B804B63B2DA08E4B000B4088 /* manifest.json in Resources */ = {isa = PBXBuildFile; fileRef = B804B62B2DA08E4B000B4088 /* manifest.json */; };
		B804B63D2DA08E4B000B4088 /* vendor in Resources */ = {isa = PBXBuildFile; fileRef = B804B62D2DA08E4B000B4088 /* vendor */; };
		B804B63E2DA08E4B000B4088 /* src in Resources */ = {isa = PBXBuildFile; fileRef = B804B62E2DA08E4B000B4088 /* src */; };
/* End PBXBuildFile section */

/* Begin PBXContainerItemProxy section */
		B804B5F92DA08E4B000B4088 /* PBXContainerItemProxy */ = {
			isa = PBXContainerItemProxy;
			containerPortal = B804B5C52DA08E4A000B4088 /* Project object */;
			proxyType = 1;
			remoteGlobalIDString = B804B5F62DA08E4B000B4088;
			remoteInfo = "Bandcamp Tuned Extension (iOS)";
		};
		B804B6032DA08E4B000B4088 /* PBXContainerItemProxy */ = {
			isa = PBXContainerItemProxy;
			containerPortal = B804B5C52DA08E4A000B4088 /* Project object */;
			proxyType = 1;
			remoteGlobalIDString = B804B6002DA08E4B000B4088;
			remoteInfo = "Bandcamp Tuned Extension (macOS)";
		};
/* End PBXContainerItemProxy section */

/* Begin PBXCopyFilesBuildPhase section */
		B804B61B2DA08E4B000B4088 /* Embed Foundation Extensions */ = {
			isa = PBXCopyFilesBuildPhase;
			buildActionMask = 2147483647;
			dstPath = "";
			dstSubfolderSpec = 13;
			files = (
				B804B5F82DA08E4B000B4088 /* Bandcamp Tuned Extension.appex in Embed Foundation Extensions */,
			);
			name = "Embed Foundation Extensions";
			runOnlyForDeploymentPostprocessing = 0;
		};
		B804B6222DA08E4B000B4088 /* Embed Foundation Extensions */ = {
			isa = PBXCopyFilesBuildPhase;
			buildActionMask = 2147483647;
			dstPath = "";
			dstSubfolderSpec = 13;
			files = (
				B804B6022DA08E4B000B4088 /* Bandcamp Tuned Extension.appex in Embed Foundation Extensions */,
			);
			name = "Embed Foundation Extensions";
			runOnlyForDeploymentPostprocessing = 0;
		};
/* End PBXCopyFilesBuildPhase section */

/* Begin PBXFileReference section */
		B804B5CC2DA08E4A000B4088 /* Base */ = {isa = PBXFileReference; lastKnownFileType = text.html; name = Base; path = Base.lproj/Main.html; sourceTree = "<group>"; };
		B804B5CD2DA08E4A000B4088 /* Icon.png */ = {isa = PBXFileReference; lastKnownFileType = image.png; path = Icon.png; sourceTree = "<group>"; };
		B804B5CE2DA08E4A000B4088 /* Style.css */ = {isa = PBXFileReference; lastKnownFileType = text.css; path = Style.css; sourceTree = "<group>"; };
		B804B5CF2DA08E4A000B4088 /* Script.js */ = {isa = PBXFileReference; lastKnownFileType = sourcecode.javascript; path = Script.js; sourceTree = "<group>"; };
		B804B5D02DA08E4A000B4088 /* ViewController.swift */ = {isa = PBXFileReference; lastKnownFileType = sourcecode.swift; path = ViewController.swift; sourceTree = "<group>"; };
		B804B5D12DA08E4B000B4088 /* Assets.xcassets */ = {isa = PBXFileReference; lastKnownFileType = folder.assetcatalog; path = Assets.xcassets; sourceTree = "<group>"; };
		B804B5D32DA08E4B000B4088 /* SafariWebExtensionHandler.swift */ = {isa = PBXFileReference; lastKnownFileType = sourcecode.swift; path = SafariWebExtensionHandler.swift; sourceTree = "<group>"; };
		B804B5D82DA08E4B000B4088 /* Bandcamp Tuned.app */ = {isa = PBXFileReference; explicitFileType = wrapper.application; includeInIndex = 0; path = "Bandcamp Tuned.app"; sourceTree = BUILT_PRODUCTS_DIR; };
		B804B5DB2DA08E4B000B4088 /* AppDelegate.swift */ = {isa = PBXFileReference; lastKnownFileType = sourcecode.swift; path = AppDelegate.swift; sourceTree = "<group>"; };
		B804B5DD2DA08E4B000B4088 /* SceneDelegate.swift */ = {isa = PBXFileReference; lastKnownFileType = sourcecode.swift; path = SceneDelegate.swift; sourceTree = "<group>"; };
		B804B5E02DA08E4B000B4088 /* Base */ = {isa = PBXFileReference; lastKnownFileType = file.storyboard; name = Base; path = Base.lproj/LaunchScreen.storyboard; sourceTree = "<group>"; };
		B804B5E32DA08E4B000B4088 /* Base */ = {isa = PBXFileReference; lastKnownFileType = file.storyboard; name = Base; path = Base.lproj/Main.storyboard; sourceTree = "<group>"; };
		B804B5E52DA08E4B000B4088 /* Info.plist */ = {isa = PBXFileReference; lastKnownFileType = text.plist.xml; path = Info.plist; sourceTree = "<group>"; };
		B804B5EA2DA08E4B000B4088 /* Bandcamp Tuned.app */ = {isa = PBXFileReference; explicitFileType = wrapper.application; includeInIndex = 0; path = "Bandcamp Tuned.app"; sourceTree = BUILT_PRODUCTS_DIR; };
		B804B5EC2DA08E4B000B4088 /* AppDelegate.swift */ = {isa = PBXFileReference; lastKnownFileType = sourcecode.swift; path = AppDelegate.swift; sourceTree = "<group>"; };
		B804B5EF2DA08E4B000B4088 /* Base */ = {isa = PBXFileReference; lastKnownFileType = file.storyboard; name = Base; path = Base.lproj/Main.storyboard; sourceTree = "<group>"; };
		B804B5F12DA08E4B000B4088 /* Info.plist */ = {isa = PBXFileReference; lastKnownFileType = text.plist.xml; path = Info.plist; sourceTree = "<group>"; };
		B804B5F22DA08E4B000B4088 /* Bandcamp Tuned.entitlements */ = {isa = PBXFileReference; lastKnownFileType = text.plist.entitlements; path = "Bandcamp Tuned.entitlements"; sourceTree = "<group>"; };
		B804B5F72DA08E4B000B4088 /* Bandcamp Tuned Extension.appex */ = {isa = PBXFileReference; explicitFileType = "wrapper.app-extension"; includeInIndex = 0; path = "Bandcamp Tuned Extension.appex"; sourceTree = BUILT_PRODUCTS_DIR; };
		B804B5FC2DA08E4B000B4088 /* Info.plist */ = {isa = PBXFileReference; lastKnownFileType = text.plist.xml; path = Info.plist; sourceTree = "<group>"; };
		B804B6012DA08E4B000B4088 /* Bandcamp Tuned Extension.appex */ = {isa = PBXFileReference; explicitFileType = "wrapper.app-extension"; includeInIndex = 0; path = "Bandcamp Tuned Extension.appex"; sourceTree = BUILT_PRODUCTS_DIR; };
		B804B6062DA08E4B000B4088 /* Info.plist */ = {isa = PBXFileReference; lastKnownFileType = text.plist.xml; path = Info.plist; sourceTree = "<group>"; };
		B804B6072DA08E4B000B4088 /* Bandcamp Tuned.entitlements */ = {isa = PBXFileReference; lastKnownFileType = text.plist.entitlements; path = "Bandcamp Tuned.entitlements"; sourceTree = "<group>"; };
		B804B6272DA08E4B000B4088 /* LICENSE */ = {isa = PBXFileReference; lastKnownFileType = text; name = LICENSE; path = ../../LICENSE; sourceTree = "<group>"; };
		B804B6292DA08E4B000B4088 /* README.md */ = {isa = PBXFileReference; lastKnownFileType = net.daringfireball.markdown; name = README.md; path = ../../README.md; sourceTree = "<group>"; };
		B804B62A2DA08E4B000B4088 /* icons */ = {isa = PBXFileReference; lastKnownFileType = folder; name = icons; path = ../../icons; sourceTree = "<group>"; };
		B804B62B2DA08E4B000B4088 /* manifest.json */ = {isa = PBXFileReference; lastKnownFileType = text.json; name = manifest.json; path = ../../manifest.json; sourceTree = "<group>"; };
		B804B62D2DA08E4B000B4088 /* vendor */ = {isa = PBXFileReference; lastKnownFileType = folder; name = vendor; path = ../../vendor; sourceTree = "<group>"; };
		B804B62E2DA08E4B000B4088 /* src */ = {isa = PBXFileReference; lastKnownFileType = folder; name = src; path = ../../src; sourceTree = "<group>"; };
/* End PBXFileReference section */

/* Begin PBXFrameworksBuildPhase section */
		B804B5D52DA08E4B000B4088 /* Frameworks */ = {
			isa = PBXFrameworksBuildPhase;
			buildActionMask = 2147483647;
			files = (
			);
			runOnlyForDeploymentPostprocessing = 0;
		};
		B804B5E72DA08E4B000B4088 /* Frameworks */ = {
			isa = PBXFrameworksBuildPhase;
			buildActionMask = 2147483647;
			files = (
			);
			runOnlyForDeploymentPostprocessing = 0;
		};
		B804B5F42DA08E4B000B4088 /* Frameworks */ = {
			isa = PBXFrameworksBuildPhase;
			buildActionMask = 2147483647;
			files = (
			);
			runOnlyForDeploymentPostprocessing = 0;
		};
		B804B5FE2DA08E4B000B4088 /* Frameworks */ = {
			isa = PBXFrameworksBuildPhase;
			buildActionMask = 2147483647;
			files = (
			);
			runOnlyForDeploymentPostprocessing = 0;
		};
/* End PBXFrameworksBuildPhase section */

/* Begin PBXGroup section */
		B804B5C42DA08E4A000B4088 = {
			isa = PBXGroup;
			children = (
				B804B5C92DA08E4A000B4088 /* Shared (App) */,
				B804B5D22DA08E4B000B4088 /* Shared (Extension) */,
				B804B5DA2DA08E4B000B4088 /* iOS (App) */,
				B804B5EB2DA08E4B000B4088 /* macOS (App) */,
				B804B5FB2DA08E4B000B4088 /* iOS (Extension) */,
				B804B6052DA08E4B000B4088 /* macOS (Extension) */,
				B804B5D92DA08E4B000B4088 /* Products */,
			);
			sourceTree = "<group>";
		};
		B804B5C92DA08E4A000B4088 /* Shared (App) */ = {
			isa = PBXGroup;
			children = (
				B804B5D02DA08E4A000B4088 /* ViewController.swift */,
				B804B5D12DA08E4B000B4088 /* Assets.xcassets */,
				B804B5CA2DA08E4A000B4088 /* Resources */,
			);
			path = "Shared (App)";
			sourceTree = "<group>";
		};
		B804B5CA2DA08E4A000B4088 /* Resources */ = {
			isa = PBXGroup;
			children = (
				B804B5CB2DA08E4A000B4088 /* Main.html */,
				B804B5CD2DA08E4A000B4088 /* Icon.png */,
				B804B5CE2DA08E4A000B4088 /* Style.css */,
				B804B5CF2DA08E4A000B4088 /* Script.js */,
			);
			path = Resources;
			sourceTree = "<group>";
		};
		B804B5D22DA08E4B000B4088 /* Shared (Extension) */ = {
			isa = PBXGroup;
			children = (
				B804B6262DA08E4B000B4088 /* Resources */,
				B804B5D32DA08E4B000B4088 /* SafariWebExtensionHandler.swift */,
			);
			path = "Shared (Extension)";
			sourceTree = "<group>";
		};
		B804B5D92DA08E4B000B4088 /* Products */ = {
			isa = PBXGroup;
			children = (
				B804B5D82DA08E4B000B4088 /* Bandcamp Tuned.app */,
				B804B5EA2DA08E4B000B4088 /* Bandcamp Tuned.app */,
				B804B5F72DA08E4B000B4088 /* Bandcamp Tuned Extension.appex */,
				B804B6012DA08E4B000B4088 /* Bandcamp Tuned Extension.appex */,
			);
			name = Products;
			sourceTree = "<group>";
		};
		B804B5DA2DA08E4B000B4088 /* iOS (App) */ = {
			isa = PBXGroup;
			children = (
				B804B5DB2DA08E4B000B4088 /* AppDelegate.swift */,
				B804B5DD2DA08E4B000B4088 /* SceneDelegate.swift */,
				B804B5DF2DA08E4B000B4088 /* LaunchScreen.storyboard */,
				B804B5E22DA08E4B000B4088 /* Main.storyboard */,
				B804B5E52DA08E4B000B4088 /* Info.plist */,
			);
			path = "iOS (App)";
			sourceTree = "<group>";
		};
		B804B5EB2DA08E4B000B4088 /* macOS (App) */ = {
			isa = PBXGroup;
			children = (
				B804B5EC2DA08E4B000B4088 /* AppDelegate.swift */,
				B804B5EE2DA08E4B000B4088 /* Main.storyboard */,
				B804B5F12DA08E4B000B4088 /* Info.plist */,
				B804B5F22DA08E4B000B4088 /* Bandcamp Tuned.entitlements */,
			);
			path = "macOS (App)";
			sourceTree = "<group>";
		};
		B804B5FB2DA08E4B000B4088 /* iOS (Extension) */ = {
			isa = PBXGroup;
			children = (
				B804B5FC2DA08E4B000B4088 /* Info.plist */,
			);
			path = "iOS (Extension)";
			sourceTree = "<group>";
		};
		B804B6052DA08E4B000B4088 /* macOS (Extension) */ = {
			isa = PBXGroup;
			children = (
				B804B6062DA08E4B000B4088 /* Info.plist */,
				B804B6072DA08E4B000B4088 /* Bandcamp Tuned.entitlements */,
			);
			path = "macOS (Extension)";
			sourceTree = "<group>";
		};
		B804B6262DA08E4B000B4088 /* Resources */ = {
			isa = PBXGroup;
			children = (
				B804B6272DA08E4B000B4088 /* LICENSE */,
				B804B6292DA08E4B000B4088 /* README.md */,
				B804B62A2DA08E4B000B4088 /* icons */,
				B804B62B2DA08E4B000B4088 /* manifest.json */,
				B804B62D2DA08E4B000B4088 /* vendor */,
				B804B62E2DA08E4B000B4088 /* src */,
			);
			name = Resources;
			path = "Shared (Extension)";
			sourceTree = SOURCE_ROOT;
		};
/* End PBXGroup section */

/* Begin PBXNativeTarget section */
		B804B5D72DA08E4B000B4088 /* Bandcamp Tuned (iOS) */ = {
			isa = PBXNativeTarget;
			buildConfigurationList = B804B61C2DA08E4B000B4088 /* Build configuration list for PBXNativeTarget "Bandcamp Tuned (iOS)" */;
			buildPhases = (
				B804B5D42DA08E4B000B4088 /* Sources */,
				B804B5D52DA08E4B000B4088 /* Frameworks */,
				B804B5D62DA08E4B000B4088 /* Resources */,
				B804B61B2DA08E4B000B4088 /* Embed Foundation Extensions */,
			);
			buildRules = (
			);
			dependencies = (
				B804B5FA2DA08E4B000B4088 /* PBXTargetDependency */,
			);
			name = "Bandcamp Tuned (iOS)";
			packageProductDependencies = (
			);
			productName = "Bandcamp Tuned (iOS)";
			productReference = B804B5D82DA08E4B000B4088 /* Bandcamp Tuned.app */;
			productType = "com.apple.product-type.application";
		};
		B804B5E92DA08E4B000B4088 /* Bandcamp Tuned (macOS) */ = {
			isa = PBXNativeTarget;
			buildConfigurationList = B804B6232DA08E4B000B4088 /* Build configuration list for PBXNativeTarget "Bandcamp Tuned (macOS)" */;
			buildPhases = (
				B804B5E62DA08E4B000B4088 /* Sources */,
				B804B5E72DA08E4B000B4088 /* Frameworks */,
				B804B5E82DA08E4B000B4088 /* Resources */,
				B804B6222DA08E4B000B4088 /* Embed Foundation Extensions */,
			);
			buildRules = (
			);
			dependencies = (
				B804B6042DA08E4B000B4088 /* PBXTargetDependency */,
			);
			name = "Bandcamp Tuned (macOS)";
			packageProductDependencies = (
			);
			productName = "Bandcamp Tuned (macOS)";
			productReference = B804B5EA2DA08E4B000B4088 /* Bandcamp Tuned.app */;
			productType = "com.apple.product-type.application";
		};
		B804B5F62DA08E4B000B4088 /* Bandcamp Tuned Extension (iOS) */ = {
			isa = PBXNativeTarget;
			buildConfigurationList = B804B6182DA08E4B000B4088 /* Build configuration list for PBXNativeTarget "Bandcamp Tuned Extension (iOS)" */;
			buildPhases = (
				B804B5F32DA08E4B000B4088 /* Sources */,
				B804B5F42DA08E4B000B4088 /* Frameworks */,
				B804B5F52DA08E4B000B4088 /* Resources */,
			);
			buildRules = (
			);
			dependencies = (
			);
			name = "Bandcamp Tuned Extension (iOS)";
			packageProductDependencies = (
			);
			productName = "Bandcamp Tuned Extension (iOS)";
			productReference = B804B5F72DA08E4B000B4088 /* Bandcamp Tuned Extension.appex */;
			productType = "com.apple.product-type.app-extension";
		};
		B804B6002DA08E4B000B4088 /* Bandcamp Tuned Extension (macOS) */ = {
			isa = PBXNativeTarget;
			buildConfigurationList = B804B61F2DA08E4B000B4088 /* Build configuration list for PBXNativeTarget "Bandcamp Tuned Extension (macOS)" */;
			buildPhases = (
				B804B5FD2DA08E4B000B4088 /* Sources */,
				B804B5FE2DA08E4B000B4088 /* Frameworks */,
				B804B5FF2DA08E4B000B4088 /* Resources */,
			);
			buildRules = (
			);
			dependencies = (
			);
			name = "Bandcamp Tuned Extension (macOS)";
			packageProductDependencies = (
			);
			productName = "Bandcamp Tuned Extension (macOS)";
			productReference = B804B6012DA08E4B000B4088 /* Bandcamp Tuned Extension.appex */;
			productType = "com.apple.product-type.app-extension";
		};
/* End PBXNativeTarget section */

/* Begin PBXProject section */
		B804B5C52DA08E4A000B4088 /* Project object */ = {
			isa = PBXProject;
			attributes = {
				BuildIndependentTargetsInParallel = 1;
				LastSwiftUpdateCheck = 1620;
				LastUpgradeCheck = 1620;
				TargetAttributes = {
					B804B5D72DA08E4B000B4088 = {
						CreatedOnToolsVersion = 16.2;
					};
					B804B5E92DA08E4B000B4088 = {
						CreatedOnToolsVersion = 16.2;
					};
					B804B5F62DA08E4B000B4088 = {
						CreatedOnToolsVersion = 16.2;
					};
					B804B6002DA08E4B000B4088 = {
						CreatedOnToolsVersion = 16.2;
					};
				};
			};
			buildConfigurationList = B804B5C82DA08E4A000B4088 /* Build configuration list for PBXProject "Bandcamp Tuned" */;
			developmentRegion = en;
			hasScannedForEncodings = 0;
			knownRegions = (
				en,
				Base,
			);
			mainGroup = B804B5C42DA08E4A000B4088;
			minimizedProjectReferenceProxies = 1;
			preferredProjectObjectVersion = 77;
			productRefGroup = B804B5D92DA08E4B000B4088 /* Products */;
			projectDirPath = "";
			projectRoot = "";
			targets = (
				B804B5D72DA08E4B000B4088 /* Bandcamp Tuned (iOS) */,
				B804B5E92DA08E4B000B4088 /* Bandcamp Tuned (macOS) */,
				B804B5F62DA08E4B000B4088 /* Bandcamp Tuned Extension (iOS) */,
				B804B6002DA08E4B000B4088 /* Bandcamp Tuned Extension (macOS) */,
			);
		};
/* End PBXProject section */

/* Begin PBXResourcesBuildPhase section */
		B804B5D62DA08E4B000B4088 /* Resources */ = {
			isa = PBXResourcesBuildPhase;
			buildActionMask = 2147483647;
			files = (
				B804B60A2DA08E4B000B4088 /* Icon.png in Resources */,
				B804B5E12DA08E4B000B4088 /* LaunchScreen.storyboard in Resources */,
				B804B6082DA08E4B000B4088 /* Main.html in Resources */,
				B804B60E2DA08E4B000B4088 /* Script.js in Resources */,
				B804B6122DA08E4B000B4088 /* Assets.xcassets in Resources */,
				B804B5E42DA08E4B000B4088 /* Main.storyboard in Resources */,
				B804B60C2DA08E4B000B4088 /* Style.css in Resources */,
			);
			runOnlyForDeploymentPostprocessing = 0;
		};
		B804B5E82DA08E4B000B4088 /* Resources */ = {
			isa = PBXResourcesBuildPhase;
			buildActionMask = 2147483647;
			files = (
				B804B60B2DA08E4B000B4088 /* Icon.png in Resources */,
				B804B60D2DA08E4B000B4088 /* Style.css in Resources */,
				B804B5F02DA08E4B000B4088 /* Main.storyboard in Resources */,
				B804B60F2DA08E4B000B4088 /* Script.js in Resources */,
				B804B6132DA08E4B000B4088 /* Assets.xcassets in Resources */,
				B804B6092DA08E4B000B4088 /* Main.html in Resources */,
			);
			runOnlyForDeploymentPostprocessing = 0;
		};
		B804B5F52DA08E4B000B4088 /* Resources */ = {
			isa = PBXResourcesBuildPhase;
			buildActionMask = 2147483647;
			files = (
				B804B6392DA08E4B000B4088 /* README.md in Resources */,
				B804B63D2DA08E4B000B4088 /* vendor in Resources */,
				B804B63A2DA08E4B000B4088 /* icons in Resources */,
				B804B63E2DA08E4B000B4088 /* src in Resources */,
				B804B63B2DA08E4B000B4088 /* manifest.json in Resources */,
				B804B6372DA08E4B000B4088 /* LICENSE in Resources */,
			);
			runOnlyForDeploymentPostprocessing = 0;
		};
		B804B5FF2DA08E4B000B4088 /* Resources */ = {
			isa = PBXResourcesBuildPhase;
			buildActionMask = 2147483647;
			files = (
				B804B6312DA08E4B000B4088 /* README.md in Resources */,
				B804B6352DA08E4B000B4088 /* vendor in Resources */,
				B804B6322DA08E4B000B4088 /* icons in Resources */,
				B804B6362DA08E4B000B4088 /* src in Resources */,
				B804B6332DA08E4B000B4088 /* manifest.json in Resources */,
				B804B62F2DA08E4B000B4088 /* LICENSE in Resources */,
			);
			runOnlyForDeploymentPostprocessing = 0;
		};
/* End PBXResourcesBuildPhase section */

/* Begin PBXSourcesBuildPhase section */
		B804B5D42DA08E4B000B4088 /* Sources */ = {
			isa = PBXSourcesBuildPhase;
			buildActionMask = 2147483647;
			files = (
				B804B6102DA08E4B000B4088 /* ViewController.swift in Sources */,
				B804B5DC2DA08E4B000B4088 /* AppDelegate.swift in Sources */,
				B804B5DE2DA08E4B000B4088 /* SceneDelegate.swift in Sources */,
			);
			runOnlyForDeploymentPostprocessing = 0;
		};
		B804B5E62DA08E4B000B4088 /* Sources */ = {
			isa = PBXSourcesBuildPhase;
			buildActionMask = 2147483647;
			files = (
				B804B6112DA08E4B000B4088 /* ViewController.swift in Sources */,
				B804B5ED2DA08E4B000B4088 /* AppDelegate.swift in Sources */,
			);
			runOnlyForDeploymentPostprocessing = 0;
		};
		B804B5F32DA08E4B000B4088 /* Sources */ = {
			isa = PBXSourcesBuildPhase;
			buildActionMask = 2147483647;
			files = (
				B804B6142DA08E4B000B4088 /* SafariWebExtensionHandler.swift in Sources */,
			);
			runOnlyForDeploymentPostprocessing = 0;
		};
		B804B5FD2DA08E4B000B4088 /* Sources */ = {
			isa = PBXSourcesBuildPhase;
			buildActionMask = 2147483647;
			files = (
				B804B6152DA08E4B000B4088 /* SafariWebExtensionHandler.swift in Sources */,
			);
			runOnlyForDeploymentPostprocessing = 0;
		};
/* End PBXSourcesBuildPhase section */

/* Begin PBXTargetDependency section */
		B804B5FA2DA08E4B000B4088 /* PBXTargetDependency */ = {
			isa = PBXTargetDependency;
			target = B804B5F62DA08E4B000B4088 /* Bandcamp Tuned Extension (iOS) */;
			targetProxy = B804B5F92DA08E4B000B4088 /* PBXContainerItemProxy */;
		};
		B804B6042DA08E4B000B4088 /* PBXTargetDependency */ = {
			isa = PBXTargetDependency;
			target = B804B6002DA08E4B000B4088 /* Bandcamp Tuned Extension (macOS) */;
			targetProxy = B804B6032DA08E4B000B4088 /* PBXContainerItemProxy */;
		};
/* End PBXTargetDependency section */

/* Begin PBXVariantGroup section */
		B804B5CB2DA08E4A000B4088 /* Main.html */ = {
			isa = PBXVariantGroup;
			children = (
				B804B5CC2DA08E4A000B4088 /* Base */,
			);
			name = Main.html;
			sourceTree = "<group>";
		};
		B804B5DF2DA08E4B000B4088 /* LaunchScreen.storyboard */ = {
			isa = PBXVariantGroup;
			children = (
				B804B5E02DA08E4B000B4088 /* Base */,
			);
			name = LaunchScreen.storyboard;
			sourceTree = "<group>";
		};
		B804B5E22DA08E4B000B4088 /* Main.storyboard */ = {
			isa = PBXVariantGroup;
			children = (
				B804B5E32DA08E4B000B4088 /* Base */,
			);
			name = Main.storyboard;
			sourceTree = "<group>";
		};
		B804B5EE2DA08E4B000B4088 /* Main.storyboard */ = {
			isa = PBXVariantGroup;
			children = (
				B804B5EF2DA08E4B000B4088 /* Base */,
			);
			name = Main.storyboard;
			sourceTree = "<group>";
		};
/* End PBXVariantGroup section */

/* Begin XCBuildConfiguration section */
		B804B6162DA08E4B000B4088 /* Debug */ = {
			isa = XCBuildConfiguration;
			buildSettings = {
				ALWAYS_SEARCH_USER_PATHS = NO;
				ASSETCATALOG_COMPILER_GENERATE_SWIFT_ASSET_SYMBOL_EXTENSIONS = YES;
				CLANG_ANALYZER_NONNULL = YES;
				CLANG_ANALYZER_NUMBER_OBJECT_CONVERSION = YES_AGGRESSIVE;
				CLANG_CXX_LANGUAGE_STANDARD = "gnu++20";
				CLANG_ENABLE_MODULES = YES;
				CLANG_ENABLE_OBJC_ARC = YES;
				CLANG_ENABLE_OBJC_WEAK = YES;
				CLANG_WARN_BLOCK_CAPTURE_AUTORELEASING = YES;
				CLANG_WARN_BOOL_CONVERSION = YES;
				CLANG_WARN_COMMA = YES;
				CLANG_WARN_CONSTANT_CONVERSION = YES;
				CLANG_WARN_DEPRECATED_OBJC_IMPLEMENTATIONS = YES;
				CLANG_WARN_DIRECT_OBJC_ISA_USAGE = YES_ERROR;
				CLANG_WARN_DOCUMENTATION_COMMENTS = YES;
				CLANG_WARN_EMPTY_BODY = YES;
				CLANG_WARN_ENUM_CONVERSION = YES;
				CLANG_WARN_INFINITE_RECURSION = YES;
				CLANG_WARN_INT_CONVERSION = YES;
				CLANG_WARN_NON_LITERAL_NULL_CONVERSION = YES;
				CLANG_WARN_OBJC_IMPLICIT_RETAIN_SELF = YES;
				CLANG_WARN_OBJC_LITERAL_CONVERSION = YES;
				CLANG_WARN_OBJC_ROOT_CLASS = YES_ERROR;
				CLANG_WARN_QUOTED_INCLUDE_IN_FRAMEWORK_HEADER = YES;
				CLANG_WARN_RANGE_LOOP_ANALYSIS = YES;
				CLANG_WARN_STRICT_PROTOTYPES = YES;
				CLANG_WARN_SUSPICIOUS_MOVE = YES;
				CLANG_WARN_UNGUARDED_AVAILABILITY = YES_AGGRESSIVE;
				CLANG_WARN_UNREACHABLE_CODE = YES;
				CLANG_WARN__DUPLICATE_METHOD_MATCH = YES;
				COPY_PHASE_STRIP = NO;
				DEBUG_INFORMATION_FORMAT = dwarf;
				ENABLE_STRICT_OBJC_MSGSEND = YES;
				ENABLE_TESTABILITY = YES;
				ENABLE_USER_SCRIPT_SANDBOXING = YES;
				GCC_C_LANGUAGE_STANDARD = gnu17;
				GCC_DYNAMIC_NO_PIC = NO;
				GCC_NO_COMMON_BLOCKS = YES;
				GCC_OPTIMIZATION_LEVEL = 0;
				GCC_PREPROCESSOR_DEFINITIONS = (
					"DEBUG=1",
					"$(inherited)",
				);
				GCC_WARN_64_TO_32_BIT_CONVERSION = YES;
				GCC_WARN_ABOUT_RETURN_TYPE = YES_ERROR;
				GCC_WARN_UNDECLARED_SELECTOR = YES;
				GCC_WARN_UNINITIALIZED_AUTOS = YES_AGGRESSIVE;
				GCC_WARN_UNUSED_FUNCTION = YES;
				GCC_WARN_UNUSED_VARIABLE = YES;
				LOCALIZATION_PREFERS_STRING_CATALOGS = YES;
				MTL_ENABLE_DEBUG_INFO = INCLUDE_SOURCE;
				MTL_FAST_MATH = YES;
				ONLY_ACTIVE_ARCH = YES;
				SWIFT_ACTIVE_COMPILATION_CONDITIONS = "DEBUG $(inherited)";
				SWIFT_OPTIMIZATION_LEVEL = "-Onone";
			};
			name = Debug;
		};
		B804B6172DA08E4B000B4088 /* Release */ = {
			isa = XCBuildConfiguration;
			buildSettings = {
				ALWAYS_SEARCH_USER_PATHS = NO;
				ASSETCATALOG_COMPILER_GENERATE_SWIFT_ASSET_SYMBOL_EXTENSIONS = YES;
				CLANG_ANALYZER_NONNULL = YES;
				CLANG_ANALYZER_NUMBER_OBJECT_CONVERSION = YES_AGGRESSIVE;
				CLANG_CXX_LANGUAGE_STANDARD = "gnu++20";
				CLANG_ENABLE_MODULES = YES;
				CLANG_ENABLE_OBJC_ARC = YES;
				CLANG_ENABLE_OBJC_WEAK = YES;
				CLANG_WARN_BLOCK_CAPTURE_AUTORELEASING = YES;
				CLANG_WARN_BOOL_CONVERSION = YES;
				CLANG_WARN_COMMA = YES;
				CLANG_WARN_CONSTANT_CONVERSION = YES;
				CLANG_WARN_DEPRECATED_OBJC_IMPLEMENTATIONS = YES;
				CLANG_WARN_DIRECT_OBJC_ISA_USAGE = YES_ERROR;
				CLANG_WARN_DOCUMENTATION_COMMENTS = YES;
				CLANG_WARN_EMPTY_BODY = YES;
				CLANG_WARN_ENUM_CONVERSION = YES;
				CLANG_WARN_INFINITE_RECURSION = YES;
				CLANG_WARN_INT_CONVERSION = YES;
				CLANG_WARN_NON_LITERAL_NULL_CONVERSION = YES;
				CLANG_WARN_OBJC_IMPLICIT_RETAIN_SELF = YES;
				CLANG_WARN_OBJC_LITERAL_CONVERSION = YES;
				CLANG_WARN_OBJC_ROOT_CLASS = YES_ERROR;
				CLANG_WARN_QUOTED_INCLUDE_IN_FRAMEWORK_HEADER = YES;
				CLANG_WARN_RANGE_LOOP_ANALYSIS = YES;
				CLANG_WARN_STRICT_PROTOTYPES = YES;
				CLANG_WARN_SUSPICIOUS_MOVE = YES;
				CLANG_WARN_UNGUARDED_AVAILABILITY = YES_AGGRESSIVE;
				CLANG_WARN_UNREACHABLE_CODE = YES;
				CLANG_WARN__DUPLICATE_METHOD_MATCH = YES;
				COPY_PHASE_STRIP = NO;
				DEBUG_INFORMATION_FORMAT = "dwarf-with-dsym";
				ENABLE_NS_ASSERTIONS = NO;
				ENABLE_STRICT_OBJC_MSGSEND = YES;
				ENABLE_USER_SCRIPT_SANDBOXING = YES;
				GCC_C_LANGUAGE_STANDARD = gnu17;
				GCC_NO_COMMON_BLOCKS = YES;
				GCC_WARN_64_TO_32_BIT_CONVERSION = YES;
				GCC_WARN_ABOUT_RETURN_TYPE = YES_ERROR;
				GCC_WARN_UNDECLARED_SELECTOR = YES;
				GCC_WARN_UNINITIALIZED_AUTOS = YES_AGGRESSIVE;
				GCC_WARN_UNUSED_FUNCTION = YES;
				GCC_WARN_UNUSED_VARIABLE = YES;
				LOCALIZATION_PREFERS_STRING_CATALOGS = YES;
				MTL_ENABLE_DEBUG_INFO = NO;
				MTL_FAST_MATH = YES;
				SWIFT_COMPILATION_MODE = wholemodule;
			};
			name = Release;
		};
		B804B6192DA08E4B000B4088 /* Debug */ = {
			isa = XCBuildConfiguration;
			buildSettings = {
				CODE_SIGN_STYLE = Automatic;
				CURRENT_PROJECT_VERSION = 1;
				GENERATE_INFOPLIST_FILE = YES;
				INFOPLIST_FILE = "iOS (Extension)/Info.plist";
				INFOPLIST_KEY_CFBundleDisplayName = "Bandcamp Tuned Extension";
				INFOPLIST_KEY_NSHumanReadableCopyright = "";
				IPHONEOS_DEPLOYMENT_TARGET = 15.0;
				LD_RUNPATH_SEARCH_PATHS = (
					"$(inherited)",
					"@executable_path/Frameworks",
					"@executable_path/../../Frameworks",
				);
				MARKETING_VERSION = 1.0;
				OTHER_LDFLAGS = (
					"-framework",
					SafariServices,
				);
				PRODUCT_BUNDLE_IDENTIFIER = "com.yourCompany.Bandcamp-Tuned.Extension";
				PRODUCT_NAME = "Bandcamp Tuned Extension";
				SDKROOT = iphoneos;
				SKIP_INSTALL = YES;
				SWIFT_EMIT_LOC_STRINGS = YES;
				SWIFT_VERSION = 5.0;
				TARGETED_DEVICE_FAMILY = "1,2";
			};
			name = Debug;
		};
		B804B61A2DA08E4B000B4088 /* Release */ = {
			isa = XCBuildConfiguration;
			buildSettings = {
				CODE_SIGN_STYLE = Automatic;
				CURRENT_PROJECT_VERSION = 1;
				GENERATE_INFOPLIST_FILE = YES;
				INFOPLIST_FILE = "iOS (Extension)/Info.plist";
				INFOPLIST_KEY_CFBundleDisplayName = "Bandcamp Tuned Extension";
				INFOPLIST_KEY_NSHumanReadableCopyright = "";
				IPHONEOS_DEPLOYMENT_TARGET = 15.0;
				LD_RUNPATH_SEARCH_PATHS = (
					"$(inherited)",
					"@executable_path/Frameworks",
					"@executable_path/../../Frameworks",
				);
				MARKETING_VERSION = 1.0;
				OTHER_LDFLAGS = (
					"-framework",
					SafariServices,
				);
				PRODUCT_BUNDLE_IDENTIFIER = "com.yourCompany.Bandcamp-Tuned.Extension";
				PRODUCT_NAME = "Bandcamp Tuned Extension";
				SDKROOT = iphoneos;
				SKIP_INSTALL = YES;
				SWIFT_EMIT_LOC_STRINGS = YES;
				SWIFT_VERSION = 5.0;
				TARGETED_DEVICE_FAMILY = "1,2";
				VALIDATE_PRODUCT = YES;
			};
			name = Release;
		};
		B804B61D2DA08E4B000B4088 /* Debug */ = {
			isa = XCBuildConfiguration;
			buildSettings = {
				ASSETCATALOG_COMPILER_APPICON_NAME = AppIcon;
				ASSETCATALOG_COMPILER_GLOBAL_ACCENT_COLOR_NAME = AccentColor;
				CODE_SIGN_STYLE = Automatic;
				CURRENT_PROJECT_VERSION = 1;
				GENERATE_INFOPLIST_FILE = YES;
				INFOPLIST_FILE = "iOS (App)/Info.plist";
				INFOPLIST_KEY_CFBundleDisplayName = "Bandcamp Tuned";
				INFOPLIST_KEY_UIApplicationSupportsIndirectInputEvents = YES;
				INFOPLIST_KEY_UILaunchStoryboardName = LaunchScreen;
				INFOPLIST_KEY_UIMainStoryboardFile = Main;
				INFOPLIST_KEY_UISupportedInterfaceOrientations = "UIInterfaceOrientationPortrait UIInterfaceOrientationLandscapeLeft UIInterfaceOrientationLandscapeRight";
				INFOPLIST_KEY_UISupportedInterfaceOrientations_iPad = "UIInterfaceOrientationPortrait UIInterfaceOrientationPortraitUpsideDown UIInterfaceOrientationLandscapeLeft UIInterfaceOrientationLandscapeRight";
				IPHONEOS_DEPLOYMENT_TARGET = 15.0;
				LD_RUNPATH_SEARCH_PATHS = (
					"$(inherited)",
					"@executable_path/Frameworks",
				);
				MARKETING_VERSION = 1.0;
				OTHER_LDFLAGS = (
					"-framework",
					SafariServices,
					"-framework",
					WebKit,
				);
				PRODUCT_BUNDLE_IDENTIFIER = "com.yourCompany.Bandcamp-Tuned";
				PRODUCT_NAME = "Bandcamp Tuned";
				SDKROOT = iphoneos;
				SWIFT_EMIT_LOC_STRINGS = YES;
				SWIFT_VERSION = 5.0;
				TARGETED_DEVICE_FAMILY = "1,2";
			};
			name = Debug;
		};
		B804B61E2DA08E4B000B4088 /* Release */ = {
			isa = XCBuildConfiguration;
			buildSettings = {
				ASSETCATALOG_COMPILER_APPICON_NAME = AppIcon;
				ASSETCATALOG_COMPILER_GLOBAL_ACCENT_COLOR_NAME = AccentColor;
				CODE_SIGN_STYLE = Automatic;
				CURRENT_PROJECT_VERSION = 1;
				GENERATE_INFOPLIST_FILE = YES;
				INFOPLIST_FILE = "iOS (App)/Info.plist";
				INFOPLIST_KEY_CFBundleDisplayName = "Bandcamp Tuned";
				INFOPLIST_KEY_UIApplicationSupportsIndirectInputEvents = YES;
				INFOPLIST_KEY_UILaunchStoryboardName = LaunchScreen;
				INFOPLIST_KEY_UIMainStoryboardFile = Main;
				INFOPLIST_KEY_UISupportedInterfaceOrientations = "UIInterfaceOrientationPortrait UIInterfaceOrientationLandscapeLeft UIInterfaceOrientationLandscapeRight";
				INFOPLIST_KEY_UISupportedInterfaceOrientations_iPad = "UIInterfaceOrientationPortrait UIInterfaceOrientationPortraitUpsideDown UIInterfaceOrientationLandscapeLeft UIInterfaceOrientationLandscapeRight";
				IPHONEOS_DEPLOYMENT_TARGET = 15.0;
				LD_RUNPATH_SEARCH_PATHS = (
					"$(inherited)",
					"@executable_path/Frameworks",
				);
				MARKETING_VERSION = 1.0;
				OTHER_LDFLAGS = (
					"-framework",
					SafariServices,
					"-framework",
					WebKit,
				);
				PRODUCT_BUNDLE_IDENTIFIER = "com.yourCompany.Bandcamp-Tuned";
				PRODUCT_NAME = "Bandcamp Tuned";
				SDKROOT = iphoneos;
				SWIFT_EMIT_LOC_STRINGS = YES;
				SWIFT_VERSION = 5.0;
				TARGETED_DEVICE_FAMILY = "1,2";
				VALIDATE_PRODUCT = YES;
			};
			name = Release;
		};
		B804B6202DA08E4B000B4088 /* Debug */ = {
			isa = XCBuildConfiguration;
			buildSettings = {
				CODE_SIGN_ENTITLEMENTS = "macOS (Extension)/Bandcamp Tuned.entitlements";
				CODE_SIGN_STYLE = Automatic;
				CURRENT_PROJECT_VERSION = 1;
				ENABLE_HARDENED_RUNTIME = YES;
				GENERATE_INFOPLIST_FILE = YES;
				INFOPLIST_FILE = "macOS (Extension)/Info.plist";
				INFOPLIST_KEY_CFBundleDisplayName = "Bandcamp Tuned Extension";
				INFOPLIST_KEY_NSHumanReadableCopyright = "";
				LD_RUNPATH_SEARCH_PATHS = (
					"$(inherited)",
					"@executable_path/../Frameworks",
					"@executable_path/../../../../Frameworks",
				);
				MACOSX_DEPLOYMENT_TARGET = 10.14;
				MARKETING_VERSION = 1.0;
				OTHER_LDFLAGS = (
					"-framework",
					SafariServices,
				);
				PRODUCT_BUNDLE_IDENTIFIER = "com.yourCompany.Bandcamp-Tuned.Extension";
				PRODUCT_NAME = "Bandcamp Tuned Extension";
				SDKROOT = macosx;
				SKIP_INSTALL = YES;
				SWIFT_EMIT_LOC_STRINGS = YES;
				SWIFT_VERSION = 5.0;
			};
			name = Debug;
		};
		B804B6212DA08E4B000B4088 /* Release */ = {
			isa = XCBuildConfiguration;
			buildSettings = {
				CODE_SIGN_ENTITLEMENTS = "macOS (Extension)/Bandcamp Tuned.entitlements";
				CODE_SIGN_STYLE = Automatic;
				CURRENT_PROJECT_VERSION = 1;
				ENABLE_HARDENED_RUNTIME = YES;
				GENERATE_INFOPLIST_FILE = YES;
				INFOPLIST_FILE = "macOS (Extension)/Info.plist";
				INFOPLIST_KEY_CFBundleDisplayName = "Bandcamp Tuned Extension";
				INFOPLIST_KEY_NSHumanReadableCopyright = "";
				LD_RUNPATH_SEARCH_PATHS = (
					"$(inherited)",
					"@executable_path/../Frameworks",
					"@executable_path/../../../../Frameworks",
				);
				MACOSX_DEPLOYMENT_TARGET = 10.14;
				MARKETING_VERSION = 1.0;
				OTHER_LDFLAGS = (
					"-framework",
					SafariServices,
				);
				PRODUCT_BUNDLE_IDENTIFIER = "com.yourCompany.Bandcamp-Tuned.Extension";
				PRODUCT_NAME = "Bandcamp Tuned Extension";
				SDKROOT = macosx;
				SKIP_INSTALL = YES;
				SWIFT_EMIT_LOC_STRINGS = YES;
				SWIFT_VERSION = 5.0;
			};
			name = Release;
		};
		B804B6242DA08E4B000B4088 /* Debug */ = {
			isa = XCBuildConfiguration;
			buildSettings = {
				ASSETCATALOG_COMPILER_APPICON_NAME = AppIcon;
				ASSETCATALOG_COMPILER_GLOBAL_ACCENT_COLOR_NAME = AccentColor;
				CODE_SIGN_ENTITLEMENTS = "macOS (App)/Bandcamp Tuned.entitlements";
				CODE_SIGN_STYLE = Automatic;
				CURRENT_PROJECT_VERSION = 1;
				ENABLE_HARDENED_RUNTIME = YES;
				GENERATE_INFOPLIST_FILE = YES;
				INFOPLIST_FILE = "macOS (App)/Info.plist";
				INFOPLIST_KEY_CFBundleDisplayName = "Bandcamp Tuned";
				INFOPLIST_KEY_NSMainStoryboardFile = Main;
				INFOPLIST_KEY_NSPrincipalClass = NSApplication;
				LD_RUNPATH_SEARCH_PATHS = (
					"$(inherited)",
					"@executable_path/../Frameworks",
				);
				MACOSX_DEPLOYMENT_TARGET = 10.14;
				MARKETING_VERSION = 1.0;
				OTHER_LDFLAGS = (
					"-framework",
					SafariServices,
					"-framework",
					WebKit,
				);
				PRODUCT_BUNDLE_IDENTIFIER = "com.yourCompany.Bandcamp-Tuned";
				PRODUCT_NAME = "Bandcamp Tuned";
				SDKROOT = macosx;
				SWIFT_EMIT_LOC_STRINGS = YES;
				SWIFT_VERSION = 5.0;
			};
			name = Debug;
		};
		B804B6252DA08E4B000B4088 /* Release */ = {
			isa = XCBuildConfiguration;
			buildSettings = {
				ASSETCATALOG_COMPILER_APPICON_NAME = AppIcon;
				ASSETCATALOG_COMPILER_GLOBAL_ACCENT_COLOR_NAME = AccentColor;
				CODE_SIGN_ENTITLEMENTS = "macOS (App)/Bandcamp Tuned.entitlements";
				CODE_SIGN_STYLE = Automatic;
				CURRENT_PROJECT_VERSION = 1;
				ENABLE_HARDENED_RUNTIME = YES;
				GENERATE_INFOPLIST_FILE = YES;
				INFOPLIST_FILE = "macOS (App)/Info.plist";
				INFOPLIST_KEY_CFBundleDisplayName = "Bandcamp Tuned";
				INFOPLIST_KEY_NSMainStoryboardFile = Main;
				INFOPLIST_KEY_NSPrincipalClass = NSApplication;
				LD_RUNPATH_SEARCH_PATHS = (
					"$(inherited)",
					"@executable_path/../Frameworks",
				);
				MACOSX_DEPLOYMENT_TARGET = 10.14;
				MARKETING_VERSION = 1.0;
				OTHER_LDFLAGS = (
					"-framework",
					SafariServices,
					"-framework",
					WebKit,
				);
				PRODUCT_BUNDLE_IDENTIFIER = "com.yourCompany.Bandcamp-Tuned";
				PRODUCT_NAME = "Bandcamp Tuned";
				SDKROOT = macosx;
				SWIFT_EMIT_LOC_STRINGS = YES;
				SWIFT_VERSION = 5.0;
			};
			name = Release;
		};
/* End XCBuildConfiguration section */

/* Begin XCConfigurationList section */
		B804B5C82DA08E4A000B4088 /* Build configuration list for PBXProject "Bandcamp Tuned" */ = {
			isa = XCConfigurationList;
			buildConfigurations = (
				B804B6162DA08E4B000B4088 /* Debug */,
				B804B6172DA08E4B000B4088 /* Release */,
			);
			defaultConfigurationIsVisible = 0;
			defaultConfigurationName = Release;
		};
		B804B6182DA08E4B000B4088 /* Build configuration list for PBXNativeTarget "Bandcamp Tuned Extension (iOS)" */ = {
			isa = XCConfigurationList;
			buildConfigurations = (
				B804B6192DA08E4B000B4088 /* Debug */,
				B804B61A2DA08E4B000B4088 /* Release */,
			);
			defaultConfigurationIsVisible = 0;
			defaultConfigurationName = Release;
		};
		B804B61C2DA08E4B000B4088 /* Build configuration list for PBXNativeTarget "Bandcamp Tuned (iOS)" */ = {
			isa = XCConfigurationList;
			buildConfigurations = (
				B804B61D2DA08E4B000B4088 /* Debug */,
				B804B61E2DA08E4B000B4088 /* Release */,
			);
			defaultConfigurationIsVisible = 0;
			defaultConfigurationName = Release;
		};
		B804B61F2DA08E4B000B4088 /* Build configuration list for PBXNativeTarget "Bandcamp Tuned Extension (macOS)" */ = {
			isa = XCConfigurationList;
			buildConfigurations = (
				B804B6202DA08E4B000B4088 /* Debug */,
				B804B6212DA08E4B000B4088 /* Release */,
			);
			defaultConfigurationIsVisible = 0;
			defaultConfigurationName = Release;
		};
		B804B6232DA08E4B000B4088 /* Build configuration list for PBXNativeTarget "Bandcamp Tuned (macOS)" */ = {
			isa = XCConfigurationList;
			buildConfigurations = (
				B804B6242DA08E4B000B4088 /* Debug */,
				B804B6252DA08E4B000B4088 /* Release */,
			);
			defaultConfigurationIsVisible = 0;
			defaultConfigurationName = Release;
		};
/* End XCConfigurationList section */
	};
	rootObject = B804B5C52DA08E4A000B4088 /* Project object */;
}
